
Microsoft Visual Studio Solution File, Format Version 12.00
# Visual Studio Version 16
VisualStudioVersion = 16.0.810.6
MinimumVisualStudioVersion = 10.0.40219.1
Project("{FAE04EC0-301F-11D3-BF4B-00C04F79EFBC}") = "Recipe", "Recipe\Recipe.csproj", "{B0714648-16CA-4DFE-BE4A-DB790F62FC77}"
EndProject
Project("{FAE04EC0-301F-11D3-BF4B-00C04F79EFBC}") = "RecipeTests", "RecipeTests\RecipeTests.csproj", "{EDBCF6B7-6F59-4193-A619-F8853259101B}"
EndProject
Project("{FAE04EC0-301F-11D3-BF4B-00C04F79EFBC}") = "RecipeApi", "RecipeApi\RecipeApi.csproj", "{564148F1-492C-4886-98A7-A47C35F5EF63}"
EndProject
Global
	GlobalSection(SolutionConfigurationPlatforms) = preSolution
		Debug|Any CPU = Debug|Any CPU
		Release|Any CPU = Release|Any CPU
	EndGlobalSection
	GlobalSection(ProjectConfigurationPlatforms) = postSolution
		{B0714648-16CA-4DFE-BE4A-DB790F62FC77}.Debug|Any CPU.ActiveCfg = Debug|Any CPU
		{B0714648-16CA-4DFE-BE4A-DB790F62FC77}.Debug|Any CPU.Build.0 = Debug|Any CPU
		{B0714648-16CA-4DFE-BE4A-DB790F62FC77}.Release|Any CPU.ActiveCfg = Release|Any CPU
		{B0714648-16CA-4DFE-BE4A-DB790F62FC77}.Release|Any CPU.Build.0 = Release|Any CPU
		{EDBCF6B7-6F59-4193-A619-F8853259101B}.Debug|Any CPU.ActiveCfg = Debug|Any CPU
		{EDBCF6B7-6F59-4193-A619-F8853259101B}.Debug|Any CPU.Build.0 = Debug|Any CPU
		{EDBCF6B7-6F59-4193-A619-F8853259101B}.Release|Any CPU.ActiveCfg = Release|Any CPU
		{EDBCF6B7-6F59-4193-A619-F8853259101B}.Release|Any CPU.Build.0 = Release|Any CPU
		{564148F1-492C-4886-98A7-A47C35F5EF63}.Debug|Any CPU.ActiveCfg = Debug|Any CPU
		{564148F1-492C-4886-98A7-A47C35F5EF63}.Debug|Any CPU.Build.0 = Debug|Any CPU
		{564148F1-492C-4886-98A7-A47C35F5EF63}.Release|Any CPU.ActiveCfg = Release|Any CPU
		{564148F1-492C-4886-98A7-A47C35F5EF63}.Release|Any CPU.Build.0 = Release|Any CPU
	EndGlobalSection
	GlobalSection(SolutionProperties) = preSolution
		HideSolutionNode = FALSE
	EndGlobalSection
	GlobalSection(ExtensibilityGlobals) = postSolution
		SolutionGuid = {DBB81304-4EA9-4F3A-ACCB-5DEA912ED1C1}
	EndGlobalSection
EndGlobal
